// !$*UTF8*$!
{
	archiveVersion = 1;
	classes = {
	};
	objectVersion = 56;
	objects = {

/* Begin PBXBuildFile section */
		4F2D90EF2BCF6A1B00EFD2FB /* ScrumdingerApp.swift in Sources */ = {isa = PBXBuildFile; fileRef = 4F2D90EE2BCF6A1B00EFD2FB /* ScrumdingerApp.swift */; };
		4F2D90F12BCF6A1B00EFD2FB /* MeetingView.swift in Sources */ = {isa = PBXBuildFile; fileRef = 4F2D90F02BCF6A1B00EFD2FB /* MeetingView.swift */; };
		4F2D90F32BCF6A1B00EFD2FB /* Item.swift in Sources */ = {isa = PBXBuildFile; fileRef = 4F2D90F22BCF6A1B00EFD2FB /* Item.swift */; };
		4F2D90F52BCF6A1D00EFD2FB /* Assets.xcassets in Resources */ = {isa = PBXBuildFile; fileRef = 4F2D90F42BCF6A1D00EFD2FB /* Assets.xcassets */; };
		4F2D90F82BCF6A1D00EFD2FB /* Preview Assets.xcassets in Resources */ = {isa = PBXBuildFile; fileRef = 4F2D90F72BCF6A1D00EFD2FB /* Preview Assets.xcassets */; };
		4F2D91022BCF6A1E00EFD2FB /* ScrumdingerTests.swift in Sources */ = {isa = PBXBuildFile; fileRef = 4F2D91012BCF6A1E00EFD2FB /* ScrumdingerTests.swift */; };
		4F2D910C2BCF6A1E00EFD2FB /* ScrumdingerUITests.swift in Sources */ = {isa = PBXBuildFile; fileRef = 4F2D910B2BCF6A1E00EFD2FB /* ScrumdingerUITests.swift */; };
		4F2D910E2BCF6A1E00EFD2FB /* ScrumdingerUITestsLaunchTests.swift in Sources */ = {isa = PBXBuildFile; fileRef = 4F2D910D2BCF6A1E00EFD2FB /* ScrumdingerUITestsLaunchTests.swift */; };
		4F2D911C2BCF758700EFD2FB /* Theme.swift in Sources */ = {isa = PBXBuildFile; fileRef = 4F2D911B2BCF758700EFD2FB /* Theme.swift */; };
		4F2D911E2BCF762800EFD2FB /* DailyScrum.swift in Sources */ = {isa = PBXBuildFile; fileRef = 4F2D911D2BCF762800EFD2FB /* DailyScrum.swift */; };
		4F2D91202BCF78E500EFD2FB /* CardView.swift in Sources */ = {isa = PBXBuildFile; fileRef = 4F2D911F2BCF78E500EFD2FB /* CardView.swift */; };
		4F2D91222BCF82B600EFD2FB /* TrailingIconLabelStyle.swift in Sources */ = {isa = PBXBuildFile; fileRef = 4F2D91212BCF82B600EFD2FB /* TrailingIconLabelStyle.swift */; };
		4F2D91242BCFA27700EFD2FB /* ScrumsView.swift in Sources */ = {isa = PBXBuildFile; fileRef = 4F2D91232BCFA27700EFD2FB /* ScrumsView.swift */; };
		4FB755AD2BD11960008808B5 /* DetailView.swift in Sources */ = {isa = PBXBuildFile; fileRef = 4FB755AC2BD11960008808B5 /* DetailView.swift */; };
		4FEFC9202BD2189C008A8B77 /* DetailEditView.swift in Sources */ = {isa = PBXBuildFile; fileRef = 4FEFC91F2BD2189C008A8B77 /* DetailEditView.swift */; };
/* End PBXBuildFile section */

/* Begin PBXContainerItemProxy section */
		4F2D90FE2BCF6A1E00EFD2FB /* PBXContainerItemProxy */ = {
			isa = PBXContainerItemProxy;
			containerPortal = 4F2D90E32BCF6A1B00EFD2FB /* Project object */;
			proxyType = 1;
			remoteGlobalIDString = 4F2D90EA2BCF6A1B00EFD2FB;
			remoteInfo = Scrumdinger;
		};
		4F2D91082BCF6A1E00EFD2FB /* PBXContainerItemProxy */ = {
			isa = PBXContainerItemProxy;
			containerPortal = 4F2D90E32BCF6A1B00EFD2FB /* Project object */;
			proxyType = 1;
			remoteGlobalIDString = 4F2D90EA2BCF6A1B00EFD2FB;
			remoteInfo = Scrumdinger;
		};
/* End PBXContainerItemProxy section */

/* Begin PBXFileReference section */
		4F2D90EB2BCF6A1B00EFD2FB /* Scrumdinger.app */ = {isa = PBXFileReference; explicitFileType = wrapper.application; includeInIndex = 0; path = Scrumdinger.app; sourceTree = BUILT_PRODUCTS_DIR; };
		4F2D90EE2BCF6A1B00EFD2FB /* ScrumdingerApp.swift */ = {isa = PBXFileReference; lastKnownFileType = sourcecode.swift; path = ScrumdingerApp.swift; sourceTree = "<group>"; };
		4F2D90F02BCF6A1B00EFD2FB /* MeetingView.swift */ = {isa = PBXFileReference; lastKnownFileType = sourcecode.swift; path = MeetingView.swift; sourceTree = "<group>"; };
		4F2D90F22BCF6A1B00EFD2FB /* Item.swift */ = {isa = PBXFileReference; lastKnownFileType = sourcecode.swift; path = Item.swift; sourceTree = "<group>"; };
		4F2D90F42BCF6A1D00EFD2FB /* Assets.xcassets */ = {isa = PBXFileReference; lastKnownFileType = folder.assetcatalog; path = Assets.xcassets; sourceTree = "<group>"; };
		4F2D90F72BCF6A1D00EFD2FB /* Preview Assets.xcassets */ = {isa = PBXFileReference; lastKnownFileType = folder.assetcatalog; path = "Preview Assets.xcassets"; sourceTree = "<group>"; };
		4F2D90FD2BCF6A1E00EFD2FB /* ScrumdingerTests.xctest */ = {isa = PBXFileReference; explicitFileType = wrapper.cfbundle; includeInIndex = 0; path = ScrumdingerTests.xctest; sourceTree = BUILT_PRODUCTS_DIR; };
		4F2D91012BCF6A1E00EFD2FB /* ScrumdingerTests.swift */ = {isa = PBXFileReference; lastKnownFileType = sourcecode.swift; path = ScrumdingerTests.swift; sourceTree = "<group>"; };
		4F2D91072BCF6A1E00EFD2FB /* ScrumdingerUITests.xctest */ = {isa = PBXFileReference; explicitFileType = wrapper.cfbundle; includeInIndex = 0; path = ScrumdingerUITests.xctest; sourceTree = BUILT_PRODUCTS_DIR; };
		4F2D910B2BCF6A1E00EFD2FB /* ScrumdingerUITests.swift */ = {isa = PBXFileReference; lastKnownFileType = sourcecode.swift; path = ScrumdingerUITests.swift; sourceTree = "<group>"; };
		4F2D910D2BCF6A1E00EFD2FB /* ScrumdingerUITestsLaunchTests.swift */ = {isa = PBXFileReference; lastKnownFileType = sourcecode.swift; path = ScrumdingerUITestsLaunchTests.swift; sourceTree = "<group>"; };
		4F2D911B2BCF758700EFD2FB /* Theme.swift */ = {isa = PBXFileReference; lastKnownFileType = sourcecode.swift; path = Theme.swift; sourceTree = "<group>"; };
		4F2D911D2BCF762800EFD2FB /* DailyScrum.swift */ = {isa = PBXFileReference; lastKnownFileType = sourcecode.swift; path = DailyScrum.swift; sourceTree = "<group>"; };
		4F2D911F2BCF78E500EFD2FB /* CardView.swift */ = {isa = PBXFileReference; lastKnownFileType = sourcecode.swift; path = CardView.swift; sourceTree = "<group>"; };
		4F2D91212BCF82B600EFD2FB /* TrailingIconLabelStyle.swift */ = {isa = PBXFileReference; lastKnownFileType = sourcecode.swift; path = TrailingIconLabelStyle.swift; sourceTree = "<group>"; };
		4F2D91232BCFA27700EFD2FB /* ScrumsView.swift */ = {isa = PBXFileReference; lastKnownFileType = sourcecode.swift; path = ScrumsView.swift; sourceTree = "<group>"; };
		4FB755AC2BD11960008808B5 /* DetailView.swift */ = {isa = PBXFileReference; lastKnownFileType = sourcecode.swift; path = DetailView.swift; sourceTree = "<group>"; };
		4FEFC91F2BD2189C008A8B77 /* DetailEditView.swift */ = {isa = PBXFileReference; lastKnownFileType = sourcecode.swift; path = DetailEditView.swift; sourceTree = "<group>"; };
/* End PBXFileReference section */

/* Begin PBXFrameworksBuildPhase section */
		4F2D90E82BCF6A1B00EFD2FB /* Frameworks */ = {
			isa = PBXFrameworksBuildPhase;
			buildActionMask = 2147483647;
			files = (
			);
			runOnlyForDeploymentPostprocessing = 0;
		};
		4F2D90FA2BCF6A1E00EFD2FB /* Frameworks */ = {
			isa = PBXFrameworksBuildPhase;
			buildActionMask = 2147483647;
			files = (
			);
			runOnlyForDeploymentPostprocessing = 0;
		};
		4F2D91042BCF6A1E00EFD2FB /* Frameworks */ = {
			isa = PBXFrameworksBuildPhase;
			buildActionMask = 2147483647;
			files = (
			);
			runOnlyForDeploymentPostprocessing = 0;
		};
/* End PBXFrameworksBuildPhase section */

/* Begin PBXGroup section */
		4F2D90E22BCF6A1B00EFD2FB = {
			isa = PBXGroup;
			children = (
				4F2D90ED2BCF6A1B00EFD2FB /* Scrumdinger */,
				4F2D91002BCF6A1E00EFD2FB /* ScrumdingerTests */,
				4F2D910A2BCF6A1E00EFD2FB /* ScrumdingerUITests */,
				4F2D90EC2BCF6A1B00EFD2FB /* Products */,
			);
			sourceTree = "<group>";
		};
		4F2D90EC2BCF6A1B00EFD2FB /* Products */ = {
			isa = PBXGroup;
			children = (
				4F2D90EB2BCF6A1B00EFD2FB /* Scrumdinger.app */,
				4F2D90FD2BCF6A1E00EFD2FB /* ScrumdingerTests.xctest */,
				4F2D91072BCF6A1E00EFD2FB /* ScrumdingerUITests.xctest */,
			);
			name = Products;
			sourceTree = "<group>";
		};
		4F2D90ED2BCF6A1B00EFD2FB /* Scrumdinger */ = {
			isa = PBXGroup;
			children = (
				4FB755AB2BD1193F008808B5 /* Resources */,
				4FB755AA2BD118F8008808B5 /* Views */,
				4F2D911A2BCF757900EFD2FB /* Models */,
				4F2D90EE2BCF6A1B00EFD2FB /* ScrumdingerApp.swift */,
				4F2D90F62BCF6A1D00EFD2FB /* Preview Content */,
			);
			path = Scrumdinger;
			sourceTree = "<group>";
		};
		4F2D90F62BCF6A1D00EFD2FB /* Preview Content */ = {
			isa = PBXGroup;
			children = (
				4F2D90F72BCF6A1D00EFD2FB /* Preview Assets.xcassets */,
			);
			path = "Preview Content";
			sourceTree = "<group>";
		};
		4F2D91002BCF6A1E00EFD2FB /* ScrumdingerTests */ = {
			isa = PBXGroup;
			children = (
				4F2D91012BCF6A1E00EFD2FB /* ScrumdingerTests.swift */,
			);
			path = ScrumdingerTests;
			sourceTree = "<group>";
		};
		4F2D910A2BCF6A1E00EFD2FB /* ScrumdingerUITests */ = {
			isa = PBXGroup;
			children = (
				4F2D910B2BCF6A1E00EFD2FB /* ScrumdingerUITests.swift */,
				4F2D910D2BCF6A1E00EFD2FB /* ScrumdingerUITestsLaunchTests.swift */,
			);
			path = ScrumdingerUITests;
			sourceTree = "<group>";
		};
		4F2D911A2BCF757900EFD2FB /* Models */ = {
			isa = PBXGroup;
			children = (
				4F2D90F22BCF6A1B00EFD2FB /* Item.swift */,
				4F2D91212BCF82B600EFD2FB /* TrailingIconLabelStyle.swift */,
				4F2D911D2BCF762800EFD2FB /* DailyScrum.swift */,
			);
			path = Models;
			sourceTree = "<group>";
		};
		4FB755AA2BD118F8008808B5 /* Views */ = {
			isa = PBXGroup;
			children = (
				4F2D91232BCFA27700EFD2FB /* ScrumsView.swift */,
				4F2D90F02BCF6A1B00EFD2FB /* MeetingView.swift */,
				4F2D911F2BCF78E500EFD2FB /* CardView.swift */,
				4FB755AC2BD11960008808B5 /* DetailView.swift */,
				4FEFC91F2BD2189C008A8B77 /* DetailEditView.swift */,
			);
			path = Views;
			sourceTree = "<group>";
		};
		4FB755AB2BD1193F008808B5 /* Resources */ = {
			isa = PBXGroup;
			children = (
				4F2D90F42BCF6A1D00EFD2FB /* Assets.xcassets */,
				4F2D911B2BCF758700EFD2FB /* Theme.swift */,
			);
			path = Resources;
			sourceTree = "<group>";
		};
/* End PBXGroup section */

/* Begin PBXNativeTarget section */
		4F2D90EA2BCF6A1B00EFD2FB /* Scrumdinger */ = {
			isa = PBXNativeTarget;
			buildConfigurationList = 4F2D91112BCF6A1E00EFD2FB /* Build configuration list for PBXNativeTarget "Scrumdinger" */;
			buildPhases = (
				4F2D90E72BCF6A1B00EFD2FB /* Sources */,
				4F2D90E82BCF6A1B00EFD2FB /* Frameworks */,
				4F2D90E92BCF6A1B00EFD2FB /* Resources */,
			);
			buildRules = (
			);
			dependencies = (
			);
			name = Scrumdinger;
			productName = Scrumdinger;
			productReference = 4F2D90EB2BCF6A1B00EFD2FB /* Scrumdinger.app */;
			productType = "com.apple.product-type.application";
		};
		4F2D90FC2BCF6A1E00EFD2FB /* ScrumdingerTests */ = {
			isa = PBXNativeTarget;
			buildConfigurationList = 4F2D91142BCF6A1E00EFD2FB /* Build configuration list for PBXNativeTarget "ScrumdingerTests" */;
			buildPhases = (
				4F2D90F92BCF6A1E00EFD2FB /* Sources */,
				4F2D90FA2BCF6A1E00EFD2FB /* Frameworks */,
				4F2D90FB2BCF6A1E00EFD2FB /* Resources */,
			);
			buildRules = (
			);
			dependencies = (
				4F2D90FF2BCF6A1E00EFD2FB /* PBXTargetDependency */,
			);
			name = ScrumdingerTests;
			productName = ScrumdingerTests;
			productReference = 4F2D90FD2BCF6A1E00EFD2FB /* ScrumdingerTests.xctest */;
			productType = "com.apple.product-type.bundle.unit-test";
		};
		4F2D91062BCF6A1E00EFD2FB /* ScrumdingerUITests */ = {
			isa = PBXNativeTarget;
			buildConfigurationList = 4F2D91172BCF6A1E00EFD2FB /* Build configuration list for PBXNativeTarget "ScrumdingerUITests" */;
			buildPhases = (
				4F2D91032BCF6A1E00EFD2FB /* Sources */,
				4F2D91042BCF6A1E00EFD2FB /* Frameworks */,
				4F2D91052BCF6A1E00EFD2FB /* Resources */,
			);
			buildRules = (
			);
			dependencies = (
				4F2D91092BCF6A1E00EFD2FB /* PBXTargetDependency */,
			);
			name = ScrumdingerUITests;
			productName = ScrumdingerUITests;
			productReference = 4F2D91072BCF6A1E00EFD2FB /* ScrumdingerUITests.xctest */;
			productType = "com.apple.product-type.bundle.ui-testing";
		};
/* End PBXNativeTarget section */

/* Begin PBXProject section */
		4F2D90E32BCF6A1B00EFD2FB /* Project object */ = {
			isa = PBXProject;
			attributes = {
				BuildIndependentTargetsInParallel = 1;
				LastSwiftUpdateCheck = 1530;
				LastUpgradeCheck = 1530;
				TargetAttributes = {
					4F2D90EA2BCF6A1B00EFD2FB = {
						CreatedOnToolsVersion = 15.3;
					};
					4F2D90FC2BCF6A1E00EFD2FB = {
						CreatedOnToolsVersion = 15.3;
						TestTargetID = 4F2D90EA2BCF6A1B00EFD2FB;
					};
					4F2D91062BCF6A1E00EFD2FB = {
						CreatedOnToolsVersion = 15.3;
						TestTargetID = 4F2D90EA2BCF6A1B00EFD2FB;
					};
				};
			};
			buildConfigurationList = 4F2D90E62BCF6A1B00EFD2FB /* Build configuration list for PBXProject "Scrumdinger" */;
			compatibilityVersion = "Xcode 14.0";
			developmentRegion = en;
			hasScannedForEncodings = 0;
			knownRegions = (
				en,
				Base,
			);
			mainGroup = 4F2D90E22BCF6A1B00EFD2FB;
			productRefGroup = 4F2D90EC2BCF6A1B00EFD2FB /* Products */;
			projectDirPath = "";
			projectRoot = "";
			targets = (
				4F2D90EA2BCF6A1B00EFD2FB /* Scrumdinger */,
				4F2D90FC2BCF6A1E00EFD2FB /* ScrumdingerTests */,
				4F2D91062BCF6A1E00EFD2FB /* ScrumdingerUITests */,
			);
		};
/* End PBXProject section */

/* Begin PBXResourcesBuildPhase section */
		4F2D90E92BCF6A1B00EFD2FB /* Resources */ = {
			isa = PBXResourcesBuildPhase;
			buildActionMask = 2147483647;
			files = (
				4F2D90F82BCF6A1D00EFD2FB /* Preview Assets.xcassets in Resources */,
				4F2D90F52BCF6A1D00EFD2FB /* Assets.xcassets in Resources */,
			);
			runOnlyForDeploymentPostprocessing = 0;
		};
		4F2D90FB2BCF6A1E00EFD2FB /* Resources */ = {
			isa = PBXResourcesBuildPhase;
			buildActionMask = 2147483647;
			files = (
			);
			runOnlyForDeploymentPostprocessing = 0;
		};
		4F2D91052BCF6A1E00EFD2FB /* Resources */ = {
			isa = PBXResourcesBuildPhase;
			buildActionMask = 2147483647;
			files = (
			);
			runOnlyForDeploymentPostprocessing = 0;
		};
/* End PBXResourcesBuildPhase section */

/* Begin PBXSourcesBuildPhase section */
		4F2D90E72BCF6A1B00EFD2FB /* Sources */ = {
			isa = PBXSourcesBuildPhase;
			buildActionMask = 2147483647;
			files = (
				4F2D911E2BCF762800EFD2FB /* DailyScrum.swift in Sources */,
				4FB755AD2BD11960008808B5 /* DetailView.swift in Sources */,
				4F2D90F12BCF6A1B00EFD2FB /* MeetingView.swift in Sources */,
				4F2D911C2BCF758700EFD2FB /* Theme.swift in Sources */,
				4F2D91242BCFA27700EFD2FB /* ScrumsView.swift in Sources */,
				4F2D90F32BCF6A1B00EFD2FB /* Item.swift in Sources */,
				4F2D91202BCF78E500EFD2FB /* CardView.swift in Sources */,
				4FEFC9202BD2189C008A8B77 /* DetailEditView.swift in Sources */,
				4F2D90EF2BCF6A1B00EFD2FB /* ScrumdingerApp.swift in Sources */,
				4F2D91222BCF82B600EFD2FB /* TrailingIconLabelStyle.swift in Sources */,
			);
			runOnlyForDeploymentPostprocessing = 0;
		};
		4F2D90F92BCF6A1E00EFD2FB /* Sources */ = {
			isa = PBXSourcesBuildPhase;
			buildActionMask = 2147483647;
			files = (
				4F2D91022BCF6A1E00EFD2FB /* ScrumdingerTests.swift in Sources */,
			);
			runOnlyForDeploymentPostprocessing = 0;
		};
		4F2D91032BCF6A1E00EFD2FB /* Sources */ = {
			isa = PBXSourcesBuildPhase;
			buildActionMask = 2147483647;
			files = (
				4F2D910E2BCF6A1E00EFD2FB /* ScrumdingerUITestsLaunchTests.swift in Sources */,
				4F2D910C2BCF6A1E00EFD2FB /* ScrumdingerUITests.swift in Sources */,
			);
			runOnlyForDeploymentPostprocessing = 0;
		};
/* End PBXSourcesBuildPhase section */

/* Begin PBXTargetDependency section */
		4F2D90FF2BCF6A1E00EFD2FB /* PBXTargetDependency */ = {
			isa = PBXTargetDependency;
			target = 4F2D90EA2BCF6A1B00EFD2FB /* Scrumdinger */;
			targetProxy = 4F2D90FE2BCF6A1E00EFD2FB /* PBXContainerItemProxy */;
		};
		4F2D91092BCF6A1E00EFD2FB /* PBXTargetDependency */ = {
			isa = PBXTargetDependency;
			target = 4F2D90EA2BCF6A1B00EFD2FB /* Scrumdinger */;
			targetProxy = 4F2D91082BCF6A1E00EFD2FB /* PBXContainerItemProxy */;
		};
/* End PBXTargetDependency section */

/* Begin XCBuildConfiguration section */
		4F2D910F2BCF6A1E00EFD2FB /* Debug */ = {
			isa = XCBuildConfiguration;
			buildSettings = {
				ALWAYS_SEARCH_USER_PATHS = NO;
				ASSETCATALOG_COMPILER_GENERATE_SWIFT_ASSET_SYMBOL_EXTENSIONS = YES;
				CLANG_ANALYZER_NONNULL = YES;
				CLANG_ANALYZER_NUMBER_OBJECT_CONVERSION = YES_AGGRESSIVE;
				CLANG_CXX_LANGUAGE_STANDARD = "gnu++20";
				CLANG_ENABLE_MODULES = YES;
				CLANG_ENABLE_OBJC_ARC = YES;
				CLANG_ENABLE_OBJC_WEAK = YES;
				CLANG_WARN_BLOCK_CAPTURE_AUTORELEASING = YES;
				CLANG_WARN_BOOL_CONVERSION = YES;
				CLANG_WARN_COMMA = YES;
				CLANG_WARN_CONSTANT_CONVERSION = YES;
				CLANG_WARN_DEPRECATED_OBJC_IMPLEMENTATIONS = YES;
				CLANG_WARN_DIRECT_OBJC_ISA_USAGE = YES_ERROR;
				CLANG_WARN_DOCUMENTATION_COMMENTS = YES;
				CLANG_WARN_EMPTY_BODY = YES;
				CLANG_WARN_ENUM_CONVERSION = YES;
				CLANG_WARN_INFINITE_RECURSION = YES;
				CLANG_WARN_INT_CONVERSION = YES;
				CLANG_WARN_NON_LITERAL_NULL_CONVERSION = YES;
				CLANG_WARN_OBJC_IMPLICIT_RETAIN_SELF = YES;
				CLANG_WARN_OBJC_LITERAL_CONVERSION = YES;
				CLANG_WARN_OBJC_ROOT_CLASS = YES_ERROR;
				CLANG_WARN_QUOTED_INCLUDE_IN_FRAMEWORK_HEADER = YES;
				CLANG_WARN_RANGE_LOOP_ANALYSIS = YES;
				CLANG_WARN_STRICT_PROTOTYPES = YES;
				CLANG_WARN_SUSPICIOUS_MOVE = YES;
				CLANG_WARN_UNGUARDED_AVAILABILITY = YES_AGGRESSIVE;
				CLANG_WARN_UNREACHABLE_CODE = YES;
				CLANG_WARN__DUPLICATE_METHOD_MATCH = YES;
				COPY_PHASE_STRIP = NO;
				DEBUG_INFORMATION_FORMAT = dwarf;
				ENABLE_STRICT_OBJC_MSGSEND = YES;
				ENABLE_TESTABILITY = YES;
				ENABLE_USER_SCRIPT_SANDBOXING = YES;
				GCC_C_LANGUAGE_STANDARD = gnu17;
				GCC_DYNAMIC_NO_PIC = NO;
				GCC_NO_COMMON_BLOCKS = YES;
				GCC_OPTIMIZATION_LEVEL = 0;
				GCC_PREPROCESSOR_DEFINITIONS = (
					"DEBUG=1",
					"$(inherited)",
				);
				GCC_WARN_64_TO_32_BIT_CONVERSION = YES;
				GCC_WARN_ABOUT_RETURN_TYPE = YES_ERROR;
				GCC_WARN_UNDECLARED_SELECTOR = YES;
				GCC_WARN_UNINITIALIZED_AUTOS = YES_AGGRESSIVE;
				GCC_WARN_UNUSED_FUNCTION = YES;
				GCC_WARN_UNUSED_VARIABLE = YES;
				IPHONEOS_DEPLOYMENT_TARGET = 17.4;
				LOCALIZATION_PREFERS_STRING_CATALOGS = YES;
				MTL_ENABLE_DEBUG_INFO = INCLUDE_SOURCE;
				MTL_FAST_MATH = YES;
				ONLY_ACTIVE_ARCH = YES;
				SDKROOT = iphoneos;
				SWIFT_ACTIVE_COMPILATION_CONDITIONS = "DEBUG $(inherited)";
				SWIFT_OPTIMIZATION_LEVEL = "-Onone";
			};
			name = Debug;
		};
		4F2D91102BCF6A1E00EFD2FB /* Release */ = {
			isa = XCBuildConfiguration;
			buildSettings = {
				ALWAYS_SEARCH_USER_PATHS = NO;
				ASSETCATALOG_COMPILER_GENERATE_SWIFT_ASSET_SYMBOL_EXTENSIONS = YES;
				CLANG_ANALYZER_NONNULL = YES;
				CLANG_ANALYZER_NUMBER_OBJECT_CONVERSION = YES_AGGRESSIVE;
				CLANG_CXX_LANGUAGE_STANDARD = "gnu++20";
				CLANG_ENABLE_MODULES = YES;
				CLANG_ENABLE_OBJC_ARC = YES;
				CLANG_ENABLE_OBJC_WEAK = YES;
				CLANG_WARN_BLOCK_CAPTURE_AUTORELEASING = YES;
				CLANG_WARN_BOOL_CONVERSION = YES;
				CLANG_WARN_COMMA = YES;
				CLANG_WARN_CONSTANT_CONVERSION = YES;
				CLANG_WARN_DEPRECATED_OBJC_IMPLEMENTATIONS = YES;
				CLANG_WARN_DIRECT_OBJC_ISA_USAGE = YES_ERROR;
				CLANG_WARN_DOCUMENTATION_COMMENTS = YES;
				CLANG_WARN_EMPTY_BODY = YES;
				CLANG_WARN_ENUM_CONVERSION = YES;
				CLANG_WARN_INFINITE_RECURSION = YES;
				CLANG_WARN_INT_CONVERSION = YES;
				CLANG_WARN_NON_LITERAL_NULL_CONVERSION = YES;
				CLANG_WARN_OBJC_IMPLICIT_RETAIN_SELF = YES;
				CLANG_WARN_OBJC_LITERAL_CONVERSION = YES;
				CLANG_WARN_OBJC_ROOT_CLASS = YES_ERROR;
				CLANG_WARN_QUOTED_INCLUDE_IN_FRAMEWORK_HEADER = YES;
				CLANG_WARN_RANGE_LOOP_ANALYSIS = YES;
				CLANG_WARN_STRICT_PROTOTYPES = YES;
				CLANG_WARN_SUSPICIOUS_MOVE = YES;
				CLANG_WARN_UNGUARDED_AVAILABILITY = YES_AGGRESSIVE;
				CLANG_WARN_UNREACHABLE_CODE = YES;
				CLANG_WARN__DUPLICATE_METHOD_MATCH = YES;
				COPY_PHASE_STRIP = NO;
				DEBUG_INFORMATION_FORMAT = "dwarf-with-dsym";
				ENABLE_NS_ASSERTIONS = NO;
				ENABLE_STRICT_OBJC_MSGSEND = YES;
				ENABLE_USER_SCRIPT_SANDBOXING = YES;
				GCC_C_LANGUAGE_STANDARD = gnu17;
				GCC_NO_COMMON_BLOCKS = YES;
				GCC_WARN_64_TO_32_BIT_CONVERSION = YES;
				GCC_WARN_ABOUT_RETURN_TYPE = YES_ERROR;
				GCC_WARN_UNDECLARED_SELECTOR = YES;
				GCC_WARN_UNINITIALIZED_AUTOS = YES_AGGRESSIVE;
				GCC_WARN_UNUSED_FUNCTION = YES;
				GCC_WARN_UNUSED_VARIABLE = YES;
				IPHONEOS_DEPLOYMENT_TARGET = 17.4;
				LOCALIZATION_PREFERS_STRING_CATALOGS = YES;
				MTL_ENABLE_DEBUG_INFO = NO;
				MTL_FAST_MATH = YES;
				SDKROOT = iphoneos;
				SWIFT_COMPILATION_MODE = wholemodule;
				VALIDATE_PRODUCT = YES;
			};
			name = Release;
		};
		4F2D91122BCF6A1E00EFD2FB /* Debug */ = {
			isa = XCBuildConfiguration;
			buildSettings = {
				ASSETCATALOG_COMPILER_APPICON_NAME = AppIcon;
				ASSETCATALOG_COMPILER_GLOBAL_ACCENT_COLOR_NAME = AccentColor;
				CODE_SIGN_STYLE = Automatic;
				CURRENT_PROJECT_VERSION = 1;
				DEVELOPMENT_ASSET_PATHS = "\"Scrumdinger/Preview Content\"";
				ENABLE_PREVIEWS = YES;
				GENERATE_INFOPLIST_FILE = YES;
				INFOPLIST_KEY_UIApplicationSceneManifest_Generation = YES;
				INFOPLIST_KEY_UIApplicationSupportsIndirectInputEvents = YES;
				INFOPLIST_KEY_UILaunchScreen_Generation = YES;
				INFOPLIST_KEY_UISupportedInterfaceOrientations_iPad = "UIInterfaceOrientationPortrait UIInterfaceOrientationPortraitUpsideDown UIInterfaceOrientationLandscapeLeft UIInterfaceOrientationLandscapeRight";
				INFOPLIST_KEY_UISupportedInterfaceOrientations_iPhone = "UIInterfaceOrientationPortrait UIInterfaceOrientationLandscapeLeft UIInterfaceOrientationLandscapeRight";
				LD_RUNPATH_SEARCH_PATHS = (
					"$(inherited)",
					"@executable_path/Frameworks",
				);
				MARKETING_VERSION = 1.0;
				PRODUCT_BUNDLE_IDENTIFIER = "com.example.apple-samplecode.Scrumdinger";
				PRODUCT_NAME = "$(TARGET_NAME)";
				SWIFT_EMIT_LOC_STRINGS = YES;
				SWIFT_VERSION = 5.0;
				TARGETED_DEVICE_FAMILY = "1,2";
			};
			name = Debug;
		};
		4F2D91132BCF6A1E00EFD2FB /* Release */ = {
			isa = XCBuildConfiguration;
			buildSettings = {
				ASSETCATALOG_COMPILER_APPICON_NAME = AppIcon;
				ASSETCATALOG_COMPILER_GLOBAL_ACCENT_COLOR_NAME = AccentColor;
				CODE_SIGN_STYLE = Automatic;
				CURRENT_PROJECT_VERSION = 1;
				DEVELOPMENT_ASSET_PATHS = "\"Scrumdinger/Preview Content\"";
				ENABLE_PREVIEWS = YES;
				GENERATE_INFOPLIST_FILE = YES;
				INFOPLIST_KEY_UIApplicationSceneManifest_Generation = YES;
				INFOPLIST_KEY_UIApplicationSupportsIndirectInputEvents = YES;
				INFOPLIST_KEY_UILaunchScreen_Generation = YES;
				INFOPLIST_KEY_UISupportedInterfaceOrientations_iPad = "UIInterfaceOrientationPortrait UIInterfaceOrientationPortraitUpsideDown UIInterfaceOrientationLandscapeLeft UIInterfaceOrientationLandscapeRight";
				INFOPLIST_KEY_UISupportedInterfaceOrientations_iPhone = "UIInterfaceOrientationPortrait UIInterfaceOrientationLandscapeLeft UIInterfaceOrientationLandscapeRight";
				LD_RUNPATH_SEARCH_PATHS = (
					"$(inherited)",
					"@executable_path/Frameworks",
				);
				MARKETING_VERSION = 1.0;
				PRODUCT_BUNDLE_IDENTIFIER = "com.example.apple-samplecode.Scrumdinger";
				PRODUCT_NAME = "$(TARGET_NAME)";
				SWIFT_EMIT_LOC_STRINGS = YES;
				SWIFT_VERSION = 5.0;
				TARGETED_DEVICE_FAMILY = "1,2";
			};
			name = Release;
		};
		4F2D91152BCF6A1E00EFD2FB /* Debug */ = {
			isa = XCBuildConfiguration;
			buildSettings = {
				ALWAYS_EMBED_SWIFT_STANDARD_LIBRARIES = YES;
				BUNDLE_LOADER = "$(TEST_HOST)";
				CODE_SIGN_STYLE = Automatic;
				CURRENT_PROJECT_VERSION = 1;
				GENERATE_INFOPLIST_FILE = YES;
				IPHONEOS_DEPLOYMENT_TARGET = 17.4;
				MARKETING_VERSION = 1.0;
				PRODUCT_BUNDLE_IDENTIFIER = "com.example.apple-samplecode.ScrumdingerTests";
				PRODUCT_NAME = "$(TARGET_NAME)";
				SWIFT_EMIT_LOC_STRINGS = NO;
				SWIFT_VERSION = 5.0;
				TARGETED_DEVICE_FAMILY = "1,2";
				TEST_HOST = "$(BUILT_PRODUCTS_DIR)/Scrumdinger.app/$(BUNDLE_EXECUTABLE_FOLDER_PATH)/Scrumdinger";
			};
			name = Debug;
		};
		4F2D91162BCF6A1E00EFD2FB /* Release */ = {
			isa = XCBuildConfiguration;
			buildSettings = {
				ALWAYS_EMBED_SWIFT_STANDARD_LIBRARIES = YES;
				BUNDLE_LOADER = "$(TEST_HOST)";
				CODE_SIGN_STYLE = Automatic;
				CURRENT_PROJECT_VERSION = 1;
				GENERATE_INFOPLIST_FILE = YES;
				IPHONEOS_DEPLOYMENT_TARGET = 17.4;
				MARKETING_VERSION = 1.0;
				PRODUCT_BUNDLE_IDENTIFIER = "com.example.apple-samplecode.ScrumdingerTests";
				PRODUCT_NAME = "$(TARGET_NAME)";
				SWIFT_EMIT_LOC_STRINGS = NO;
				SWIFT_VERSION = 5.0;
				TARGETED_DEVICE_FAMILY = "1,2";
				TEST_HOST = "$(BUILT_PRODUCTS_DIR)/Scrumdinger.app/$(BUNDLE_EXECUTABLE_FOLDER_PATH)/Scrumdinger";
			};
			name = Release;
		};
		4F2D91182BCF6A1E00EFD2FB /* Debug */ = {
			isa = XCBuildConfiguration;
			buildSettings = {
				ALWAYS_EMBED_SWIFT_STANDARD_LIBRARIES = YES;
				CODE_SIGN_STYLE = Automatic;
				CURRENT_PROJECT_VERSION = 1;
				GENERATE_INFOPLIST_FILE = YES;
				MARKETING_VERSION = 1.0;
				PRODUCT_BUNDLE_IDENTIFIER = "com.example.apple-samplecode.ScrumdingerUITests";
				PRODUCT_NAME = "$(TARGET_NAME)";
				SWIFT_EMIT_LOC_STRINGS = NO;
				SWIFT_VERSION = 5.0;
				TARGETED_DEVICE_FAMILY = "1,2";
				TEST_TARGET_NAME = Scrumdinger;
			};
			name = Debug;
		};
		4F2D91192BCF6A1E00EFD2FB /* Release */ = {
			isa = XCBuildConfiguration;
			buildSettings = {
				ALWAYS_EMBED_SWIFT_STANDARD_LIBRARIES = YES;
				CODE_SIGN_STYLE = Automatic;
				CURRENT_PROJECT_VERSION = 1;
				GENERATE_INFOPLIST_FILE = YES;
				MARKETING_VERSION = 1.0;
				PRODUCT_BUNDLE_IDENTIFIER = "com.example.apple-samplecode.ScrumdingerUITests";
				PRODUCT_NAME = "$(TARGET_NAME)";
				SWIFT_EMIT_LOC_STRINGS = NO;
				SWIFT_VERSION = 5.0;
				TARGETED_DEVICE_FAMILY = "1,2";
				TEST_TARGET_NAME = Scrumdinger;
			};
			name = Release;
		};
/* End XCBuildConfiguration section */

/* Begin XCConfigurationList section */
		4F2D90E62BCF6A1B00EFD2FB /* Build configuration list for PBXProject "Scrumdinger" */ = {
			isa = XCConfigurationList;
			buildConfigurations = (
				4F2D910F2BCF6A1E00EFD2FB /* Debug */,
				4F2D91102BCF6A1E00EFD2FB /* Release */,
			);
			defaultConfigurationIsVisible = 0;
			defaultConfigurationName = Release;
		};
		4F2D91112BCF6A1E00EFD2FB /* Build configuration list for PBXNativeTarget "Scrumdinger" */ = {
			isa = XCConfigurationList;
			buildConfigurations = (
				4F2D91122BCF6A1E00EFD2FB /* Debug */,
				4F2D91132BCF6A1E00EFD2FB /* Release */,
			);
			defaultConfigurationIsVisible = 0;
			defaultConfigurationName = Release;
		};
		4F2D91142BCF6A1E00EFD2FB /* Build configuration list for PBXNativeTarget "ScrumdingerTests" */ = {
			isa = XCConfigurationList;
			buildConfigurations = (
				4F2D91152BCF6A1E00EFD2FB /* Debug */,
				4F2D91162BCF6A1E00EFD2FB /* Release */,
			);
			defaultConfigurationIsVisible = 0;
			defaultConfigurationName = Release;
		};
		4F2D91172BCF6A1E00EFD2FB /* Build configuration list for PBXNativeTarget "ScrumdingerUITests" */ = {
			isa = XCConfigurationList;
			buildConfigurations = (
				4F2D91182BCF6A1E00EFD2FB /* Debug */,
				4F2D91192BCF6A1E00EFD2FB /* Release */,
			);
			defaultConfigurationIsVisible = 0;
			defaultConfigurationName = Release;
		};
/* End XCConfigurationList section */
	};
	rootObject = 4F2D90E32BCF6A1B00EFD2FB /* Project object */;
}
